// !$*UTF8*$!
{
	archiveVersion = 1;
	classes = {
	};
	objectVersion = 55;
	objects = {

/* Begin PBXBuildFile section */
		0830DA0B2869EFD10041D8AA /* taskTwo.swift in Sources */ = {isa = PBXBuildFile; fileRef = 0830DA0A2869EFD00041D8AA /* taskTwo.swift */; };
		0830DA0D2869FF700041D8AA /* taskThree.swift in Sources */ = {isa = PBXBuildFile; fileRef = 0830DA0C2869FF700041D8AA /* taskThree.swift */; };
		0830DA0F286B017F0041D8AA /* taskFour.swift in Sources */ = {isa = PBXBuildFile; fileRef = 0830DA0E286B017F0041D8AA /* taskFour.swift */; };
		0830DA15286B2FCB0041D8AA /* taskFive.swift in Sources */ = {isa = PBXBuildFile; fileRef = 0830DA14286B2FCB0041D8AA /* taskFive.swift */; };
		0830DA18286B36AE0041D8AA /* taskFiveTableViewCell.swift in Sources */ = {isa = PBXBuildFile; fileRef = 0830DA16286B36AE0041D8AA /* taskFiveTableViewCell.swift */; };
		0830DA19286B36AE0041D8AA /* taskFiveTableViewCell.xib in Resources */ = {isa = PBXBuildFile; fileRef = 0830DA17286B36AE0041D8AA /* taskFiveTableViewCell.xib */; };
		0833C7612867204F00928C32 /* AppDelegate.swift in Sources */ = {isa = PBXBuildFile; fileRef = 0833C7602867204F00928C32 /* AppDelegate.swift */; };
		0833C7632867204F00928C32 /* SceneDelegate.swift in Sources */ = {isa = PBXBuildFile; fileRef = 0833C7622867204F00928C32 /* SceneDelegate.swift */; };
		0833C7652867204F00928C32 /* ViewController.swift in Sources */ = {isa = PBXBuildFile; fileRef = 0833C7642867204F00928C32 /* ViewController.swift */; };
		0833C7682867204F00928C32 /* Main.storyboard in Resources */ = {isa = PBXBuildFile; fileRef = 0833C7662867204F00928C32 /* Main.storyboard */; };
		0833C76A2867205100928C32 /* Assets.xcassets in Resources */ = {isa = PBXBuildFile; fileRef = 0833C7692867205100928C32 /* Assets.xcassets */; };
		0833C76D2867205100928C32 /* LaunchScreen.storyboard in Resources */ = {isa = PBXBuildFile; fileRef = 0833C76B2867205100928C32 /* LaunchScreen.storyboard */; };
		0833C77F28673B2F00928C32 /* taskOne.swift in Sources */ = {isa = PBXBuildFile; fileRef = 0833C77E28673B2F00928C32 /* taskOne.swift */; };
/* End PBXBuildFile section */

/* Begin PBXFileReference section */
		0830DA0A2869EFD00041D8AA /* taskTwo.swift */ = {isa = PBXFileReference; lastKnownFileType = sourcecode.swift; path = taskTwo.swift; sourceTree = SOURCE_ROOT; };
		0830DA0C2869FF700041D8AA /* taskThree.swift */ = {isa = PBXFileReference; lastKnownFileType = sourcecode.swift; path = taskThree.swift; sourceTree = SOURCE_ROOT; };
		0830DA0E286B017F0041D8AA /* taskFour.swift */ = {isa = PBXFileReference; lastKnownFileType = sourcecode.swift; path = taskFour.swift; sourceTree = SOURCE_ROOT; };
		0830DA14286B2FCB0041D8AA /* taskFive.swift */ = {isa = PBXFileReference; lastKnownFileType = sourcecode.swift; path = taskFive.swift; sourceTree = SOURCE_ROOT; };
		0830DA16286B36AE0041D8AA /* taskFiveTableViewCell.swift */ = {isa = PBXFileReference; lastKnownFileType = sourcecode.swift; path = taskFiveTableViewCell.swift; sourceTree = SOURCE_ROOT; };
		0830DA17286B36AE0041D8AA /* taskFiveTableViewCell.xib */ = {isa = PBXFileReference; lastKnownFileType = file.xib; path = taskFiveTableViewCell.xib; sourceTree = SOURCE_ROOT; };
		0833C75D2867204F00928C32 /* Homework 3.app */ = {isa = PBXFileReference; explicitFileType = wrapper.application; includeInIndex = 0; path = "Homework 3.app"; sourceTree = BUILT_PRODUCTS_DIR; };
		0833C7602867204F00928C32 /* AppDelegate.swift */ = {isa = PBXFileReference; lastKnownFileType = sourcecode.swift; path = AppDelegate.swift; sourceTree = "<group>"; };
		0833C7622867204F00928C32 /* SceneDelegate.swift */ = {isa = PBXFileReference; lastKnownFileType = sourcecode.swift; path = SceneDelegate.swift; sourceTree = "<group>"; };
		0833C7642867204F00928C32 /* ViewController.swift */ = {isa = PBXFileReference; lastKnownFileType = sourcecode.swift; path = ViewController.swift; sourceTree = "<group>"; };
		0833C7672867204F00928C32 /* Base */ = {isa = PBXFileReference; lastKnownFileType = file.storyboard; name = Base; path = Base.lproj/Main.storyboard; sourceTree = "<group>"; };
		0833C7692867205100928C32 /* Assets.xcassets */ = {isa = PBXFileReference; lastKnownFileType = folder.assetcatalog; path = Assets.xcassets; sourceTree = "<group>"; };
		0833C76C2867205100928C32 /* Base */ = {isa = PBXFileReference; lastKnownFileType = file.storyboard; name = Base; path = Base.lproj/LaunchScreen.storyboard; sourceTree = "<group>"; };
		0833C76E2867205100928C32 /* Info.plist */ = {isa = PBXFileReference; lastKnownFileType = text.plist.xml; path = Info.plist; sourceTree = "<group>"; };
		0833C77E28673B2F00928C32 /* taskOne.swift */ = {isa = PBXFileReference; lastKnownFileType = sourcecode.swift; path = taskOne.swift; sourceTree = SOURCE_ROOT; };
/* End PBXFileReference section */

/* Begin PBXFrameworksBuildPhase section */
		0833C75A2867204F00928C32 /* Frameworks */ = {
			isa = PBXFrameworksBuildPhase;
			buildActionMask = 2147483647;
			files = (
			);
			runOnlyForDeploymentPostprocessing = 0;
		};
/* End PBXFrameworksBuildPhase section */

/* Begin PBXGroup section */
		0833C7542867204F00928C32 = {
			isa = PBXGroup;
			children = (
				0833C75F2867204F00928C32 /* Homework 3 */,
				0833C75E2867204F00928C32 /* Products */,
			);
			sourceTree = "<group>";
		};
		0833C75E2867204F00928C32 /* Products */ = {
			isa = PBXGroup;
			children = (
				0833C75D2867204F00928C32 /* Homework 3.app */,
			);
			name = Products;
			sourceTree = "<group>";
		};
		0833C75F2867204F00928C32 /* Homework 3 */ = {
			isa = PBXGroup;
			children = (
				0833C7602867204F00928C32 /* AppDelegate.swift */,
				0833C7622867204F00928C32 /* SceneDelegate.swift */,
				0833C7642867204F00928C32 /* ViewController.swift */,
				0833C7662867204F00928C32 /* Main.storyboard */,
				0833C7692867205100928C32 /* Assets.xcassets */,
				0833C76B2867205100928C32 /* LaunchScreen.storyboard */,
				0833C76E2867205100928C32 /* Info.plist */,
				0833C77E28673B2F00928C32 /* taskOne.swift */,
				0830DA0A2869EFD00041D8AA /* taskTwo.swift */,
				0830DA0C2869FF700041D8AA /* taskThree.swift */,
				0830DA0E286B017F0041D8AA /* taskFour.swift */,
				0830DA14286B2FCB0041D8AA /* taskFive.swift */,
				0830DA16286B36AE0041D8AA /* taskFiveTableViewCell.swift */,
				0830DA17286B36AE0041D8AA /* taskFiveTableViewCell.xib */,
			);
			path = "Homework 3";
			sourceTree = "<group>";
		};
/* End PBXGroup section */

/* Begin PBXNativeTarget section */
		0833C75C2867204F00928C32 /* Homework 3 */ = {
			isa = PBXNativeTarget;
			buildConfigurationList = 0833C7712867205100928C32 /* Build configuration list for PBXNativeTarget "Homework 3" */;
			buildPhases = (
				0833C7592867204F00928C32 /* Sources */,
				0833C75A2867204F00928C32 /* Frameworks */,
				0833C75B2867204F00928C32 /* Resources */,
			);
			buildRules = (
			);
			dependencies = (
			);
			name = "Homework 3";
			productName = "Homework 3";
			productReference = 0833C75D2867204F00928C32 /* Homework 3.app */;
			productType = "com.apple.product-type.application";
		};
/* End PBXNativeTarget section */

/* Begin PBXProject section */
		0833C7552867204F00928C32 /* Project object */ = {
			isa = PBXProject;
			attributes = {
				BuildIndependentTargetsInParallel = 1;
				LastSwiftUpdateCheck = 1340;
				LastUpgradeCheck = 1340;
				TargetAttributes = {
					0833C75C2867204F00928C32 = {
						CreatedOnToolsVersion = 13.4.1;
					};
				};
			};
			buildConfigurationList = 0833C7582867204F00928C32 /* Build configuration list for PBXProject "Homework 3" */;
			compatibilityVersion = "Xcode 13.0";
			developmentRegion = en;
			hasScannedForEncodings = 0;
			knownRegions = (
				en,
				Base,
			);
			mainGroup = 0833C7542867204F00928C32;
			productRefGroup = 0833C75E2867204F00928C32 /* Products */;
			projectDirPath = "";
			projectRoot = "";
			targets = (
				0833C75C2867204F00928C32 /* Homework 3 */,
			);
		};
/* End PBXProject section */

/* Begin PBXResourcesBuildPhase section */
		0833C75B2867204F00928C32 /* Resources */ = {
			isa = PBXResourcesBuildPhase;
			buildActionMask = 2147483647;
			files = (
				0833C76D2867205100928C32 /* LaunchScreen.storyboard in Resources */,
				0833C76A2867205100928C32 /* Assets.xcassets in Resources */,
				0830DA19286B36AE0041D8AA /* taskFiveTableViewCell.xib in Resources */,
				0833C7682867204F00928C32 /* Main.storyboard in Resources */,
			);
			runOnlyForDeploymentPostprocessing = 0;
		};
/* End PBXResourcesBuildPhase section */

/* Begin PBXSourcesBuildPhase section */
		0833C7592867204F00928C32 /* Sources */ = {
			isa = PBXSourcesBuildPhase;
			buildActionMask = 2147483647;
			files = (
				0830DA0F286B017F0041D8AA /* taskFour.swift in Sources */,
				0833C7652867204F00928C32 /* ViewController.swift in Sources */,
				0830DA0D2869FF700041D8AA /* taskThree.swift in Sources */,
				0830DA18286B36AE0041D8AA /* taskFiveTableViewCell.swift in Sources */,
				0830DA0B2869EFD10041D8AA /* taskTwo.swift in Sources */,
				0833C77F28673B2F00928C32 /* taskOne.swift in Sources */,
				0833C7612867204F00928C32 /* AppDelegate.swift in Sources */,
				0830DA15286B2FCB0041D8AA /* taskFive.swift in Sources */,
				0833C7632867204F00928C32 /* SceneDelegate.swift in Sources */,
			);
			runOnlyForDeploymentPostprocessing = 0;
		};
/* End PBXSourcesBuildPhase section */

/* Begin PBXVariantGroup section */
		0833C7662867204F00928C32 /* Main.storyboard */ = {
			isa = PBXVariantGroup;
			children = (
				0833C7672867204F00928C32 /* Base */,
			);
			name = Main.storyboard;
			sourceTree = "<group>";
		};
		0833C76B2867205100928C32 /* LaunchScreen.storyboard */ = {
			isa = PBXVariantGroup;
			children = (
				0833C76C2867205100928C32 /* Base */,
			);
			name = LaunchScreen.storyboard;
			sourceTree = "<group>";
		};
/* End PBXVariantGroup section */

/* Begin XCBuildConfiguration section */
		0833C76F2867205100928C32 /* Debug */ = {
			isa = XCBuildConfiguration;
			buildSettings = {
				ALWAYS_SEARCH_USER_PATHS = NO;
				CLANG_ANALYZER_NONNULL = YES;
				CLANG_ANALYZER_NUMBER_OBJECT_CONVERSION = YES_AGGRESSIVE;
				CLANG_CXX_LANGUAGE_STANDARD = "gnu++17";
				CLANG_ENABLE_MODULES = YES;
				CLANG_ENABLE_OBJC_ARC = YES;
				CLANG_ENABLE_OBJC_WEAK = YES;
				CLANG_WARN_BLOCK_CAPTURE_AUTORELEASING = YES;
				CLANG_WARN_BOOL_CONVERSION = YES;
				CLANG_WARN_COMMA = YES;
				CLANG_WARN_CONSTANT_CONVERSION = YES;
				CLANG_WARN_DEPRECATED_OBJC_IMPLEMENTATIONS = YES;
				CLANG_WARN_DIRECT_OBJC_ISA_USAGE = YES_ERROR;
				CLANG_WARN_DOCUMENTATION_COMMENTS = YES;
				CLANG_WARN_EMPTY_BODY = YES;
				CLANG_WARN_ENUM_CONVERSION = YES;
				CLANG_WARN_INFINITE_RECURSION = YES;
				CLANG_WARN_INT_CONVERSION = YES;
				CLANG_WARN_NON_LITERAL_NULL_CONVERSION = YES;
				CLANG_WARN_OBJC_IMPLICIT_RETAIN_SELF = YES;
				CLANG_WARN_OBJC_LITERAL_CONVERSION = YES;
				CLANG_WARN_OBJC_ROOT_CLASS = YES_ERROR;
				CLANG_WARN_QUOTED_INCLUDE_IN_FRAMEWORK_HEADER = YES;
				CLANG_WARN_RANGE_LOOP_ANALYSIS = YES;
				CLANG_WARN_STRICT_PROTOTYPES = YES;
				CLANG_WARN_SUSPICIOUS_MOVE = YES;
				CLANG_WARN_UNGUARDED_AVAILABILITY = YES_AGGRESSIVE;
				CLANG_WARN_UNREACHABLE_CODE = YES;
				CLANG_WARN__DUPLICATE_METHOD_MATCH = YES;
				COPY_PHASE_STRIP = NO;
				DEBUG_INFORMATION_FORMAT = dwarf;
				ENABLE_STRICT_OBJC_MSGSEND = YES;
				ENABLE_TESTABILITY = YES;
				GCC_C_LANGUAGE_STANDARD = gnu11;
				GCC_DYNAMIC_NO_PIC = NO;
				GCC_NO_COMMON_BLOCKS = YES;
				GCC_OPTIMIZATION_LEVEL = 0;
				GCC_PREPROCESSOR_DEFINITIONS = (
					"DEBUG=1",
					"$(inherited)",
				);
				GCC_WARN_64_TO_32_BIT_CONVERSION = YES;
				GCC_WARN_ABOUT_RETURN_TYPE = YES_ERROR;
				GCC_WARN_UNDECLARED_SELECTOR = YES;
				GCC_WARN_UNINITIALIZED_AUTOS = YES_AGGRESSIVE;
				GCC_WARN_UNUSED_FUNCTION = YES;
				GCC_WARN_UNUSED_VARIABLE = YES;
				IPHONEOS_DEPLOYMENT_TARGET = 15.5;
				MTL_ENABLE_DEBUG_INFO = INCLUDE_SOURCE;
				MTL_FAST_MATH = YES;
				ONLY_ACTIVE_ARCH = YES;
				SDKROOT = iphoneos;
				SWIFT_ACTIVE_COMPILATION_CONDITIONS = DEBUG;
				SWIFT_OPTIMIZATION_LEVEL = "-Onone";
			};
			name = Debug;
		};
		0833C7702867205100928C32 /* Release */ = {
			isa = XCBuildConfiguration;
			buildSettings = {
				ALWAYS_SEARCH_USER_PATHS = NO;
				CLANG_ANALYZER_NONNULL = YES;
				CLANG_ANALYZER_NUMBER_OBJECT_CONVERSION = YES_AGGRESSIVE;
				CLANG_CXX_LANGUAGE_STANDARD = "gnu++17";
				CLANG_ENABLE_MODULES = YES;
				CLANG_ENABLE_OBJC_ARC = YES;
				CLANG_ENABLE_OBJC_WEAK = YES;
				CLANG_WARN_BLOCK_CAPTURE_AUTORELEASING = YES;
				CLANG_WARN_BOOL_CONVERSION = YES;
				CLANG_WARN_COMMA = YES;
				CLANG_WARN_CONSTANT_CONVERSION = YES;
				CLANG_WARN_DEPRECATED_OBJC_IMPLEMENTATIONS = YES;
				CLANG_WARN_DIRECT_OBJC_ISA_USAGE = YES_ERROR;
				CLANG_WARN_DOCUMENTATION_COMMENTS = YES;
				CLANG_WARN_EMPTY_BODY = YES;
				CLANG_WARN_ENUM_CONVERSION = YES;
				CLANG_WARN_INFINITE_RECURSION = YES;
				CLANG_WARN_INT_CONVERSION = YES;
				CLANG_WARN_NON_LITERAL_NULL_CONVERSION = YES;
				CLANG_WARN_OBJC_IMPLICIT_RETAIN_SELF = YES;
				CLANG_WARN_OBJC_LITERAL_CONVERSION = YES;
				CLANG_WARN_OBJC_ROOT_CLASS = YES_ERROR;
				CLANG_WARN_QUOTED_INCLUDE_IN_FRAMEWORK_HEADER = YES;
				CLANG_WARN_RANGE_LOOP_ANALYSIS = YES;
				CLANG_WARN_STRICT_PROTOTYPES = YES;
				CLANG_WARN_SUSPICIOUS_MOVE = YES;
				CLANG_WARN_UNGUARDED_AVAILABILITY = YES_AGGRESSIVE;
				CLANG_WARN_UNREACHABLE_CODE = YES;
				CLANG_WARN__DUPLICATE_METHOD_MATCH = YES;
				COPY_PHASE_STRIP = NO;
				DEBUG_INFORMATION_FORMAT = "dwarf-with-dsym";
				ENABLE_NS_ASSERTIONS = NO;
				ENABLE_STRICT_OBJC_MSGSEND = YES;
				GCC_C_LANGUAGE_STANDARD = gnu11;
				GCC_NO_COMMON_BLOCKS = YES;
				GCC_WARN_64_TO_32_BIT_CONVERSION = YES;
				GCC_WARN_ABOUT_RETURN_TYPE = YES_ERROR;
				GCC_WARN_UNDECLARED_SELECTOR = YES;
				GCC_WARN_UNINITIALIZED_AUTOS = YES_AGGRESSIVE;
				GCC_WARN_UNUSED_FUNCTION = YES;
				GCC_WARN_UNUSED_VARIABLE = YES;
				IPHONEOS_DEPLOYMENT_TARGET = 15.5;
				MTL_ENABLE_DEBUG_INFO = NO;
				MTL_FAST_MATH = YES;
				SDKROOT = iphoneos;
				SWIFT_COMPILATION_MODE = wholemodule;
				SWIFT_OPTIMIZATION_LEVEL = "-O";
				VALIDATE_PRODUCT = YES;
			};
			name = Release;
		};
		0833C7722867205100928C32 /* Debug */ = {
			isa = XCBuildConfiguration;
			buildSettings = {
				ASSETCATALOG_COMPILER_APPICON_NAME = AppIcon;
				ASSETCATALOG_COMPILER_GLOBAL_ACCENT_COLOR_NAME = AccentColor;
				CODE_SIGN_STYLE = Automatic;
				CURRENT_PROJECT_VERSION = 1;
				DEVELOPMENT_TEAM = 9PF2GLF6PD;
				GENERATE_INFOPLIST_FILE = YES;
				INFOPLIST_FILE = "Homework 3/Info.plist";
				INFOPLIST_KEY_UIApplicationSupportsIndirectInputEvents = YES;
				INFOPLIST_KEY_UILaunchStoryboardName = LaunchScreen;
				INFOPLIST_KEY_UIMainStoryboardFile = Main;
				INFOPLIST_KEY_UISupportedInterfaceOrientations_iPad = "UIInterfaceOrientationPortrait UIInterfaceOrientationPortraitUpsideDown UIInterfaceOrientationLandscapeLeft UIInterfaceOrientationLandscapeRight";
				INFOPLIST_KEY_UISupportedInterfaceOrientations_iPhone = "UIInterfaceOrientationPortrait UIInterfaceOrientationLandscapeLeft UIInterfaceOrientationLandscapeRight";
				LD_RUNPATH_SEARCH_PATHS = (
					"$(inherited)",
					"@executable_path/Frameworks",
				);
				MARKETING_VERSION = 1.0;
				PRODUCT_BUNDLE_IDENTIFIER = "com.Beavean.Anthony.Homework-3";
				PRODUCT_NAME = "$(TARGET_NAME)";
				SWIFT_EMIT_LOC_STRINGS = YES;
				SWIFT_VERSION = 5.0;
				TARGETED_DEVICE_FAMILY = "1,2";
			};
			name = Debug;
		};
		0833C7732867205100928C32 /* Release */ = {
			isa = XCBuildConfiguration;
			buildSettings = {
				ASSETCATALOG_COMPILER_APPICON_NAME = AppIcon;
				ASSETCATALOG_COMPILER_GLOBAL_ACCENT_COLOR_NAME = AccentColor;
				CODE_SIGN_STYLE = Automatic;
				CURRENT_PROJECT_VERSION = 1;
				DEVELOPMENT_TEAM = 9PF2GLF6PD;
				GENERATE_INFOPLIST_FILE = YES;
				INFOPLIST_FILE = "Homework 3/Info.plist";
				INFOPLIST_KEY_UIApplicationSupportsIndirectInputEvents = YES;
				INFOPLIST_KEY_UILaunchStoryboardName = LaunchScreen;
				INFOPLIST_KEY_UIMainStoryboardFile = Main;
				INFOPLIST_KEY_UISupportedInterfaceOrientations_iPad = "UIInterfaceOrientationPortrait UIInterfaceOrientationPortraitUpsideDown UIInterfaceOrientationLandscapeLeft UIInterfaceOrientationLandscapeRight";
				INFOPLIST_KEY_UISupportedInterfaceOrientations_iPhone = "UIInterfaceOrientationPortrait UIInterfaceOrientationLandscapeLeft UIInterfaceOrientationLandscapeRight";
				LD_RUNPATH_SEARCH_PATHS = (
					"$(inherited)",
					"@executable_path/Frameworks",
				);
				MARKETING_VERSION = 1.0;
				PRODUCT_BUNDLE_IDENTIFIER = "com.Beavean.Anthony.Homework-3";
				PRODUCT_NAME = "$(TARGET_NAME)";
				SWIFT_EMIT_LOC_STRINGS = YES;
				SWIFT_VERSION = 5.0;
				TARGETED_DEVICE_FAMILY = "1,2";
			};
			name = Release;
		};
/* End XCBuildConfiguration section */

/* Begin XCConfigurationList section */
		0833C7582867204F00928C32 /* Build configuration list for PBXProject "Homework 3" */ = {
			isa = XCConfigurationList;
			buildConfigurations = (
				0833C76F2867205100928C32 /* Debug */,
				0833C7702867205100928C32 /* Release */,
			);
			defaultConfigurationIsVisible = 0;
			defaultConfigurationName = Release;
		};
		0833C7712867205100928C32 /* Build configuration list for PBXNativeTarget "Homework 3" */ = {
			isa = XCConfigurationList;
			buildConfigurations = (
				0833C7722867205100928C32 /* Debug */,
				0833C7732867205100928C32 /* Release */,
			);
			defaultConfigurationIsVisible = 0;
			defaultConfigurationName = Release;
		};
/* End XCConfigurationList section */
	};
	rootObject = 0833C7552867204F00928C32 /* Project object */;
}
